{
  "version": 4,
  "terraform_version": "1.10.5",
  "serial": 588,
  "lineage": "77c1a882-ba6b-91f2-a40f-17fc7176b3d4",
  "outputs": {
    "eks_cli": {
      "value": "aws eks --region ap-northeast-2 update-kubeconfig --name cjo-std-eks-cluster-study-eks",
      "type": "string"
    },
    "eks_cluster_endpoint": {
      "value": "https://0E20E98B228E6F6565E040521182DF41.sk1.ap-northeast-2.eks.amazonaws.com",
      "type": "string"
    },
    "phase": {
      "value": "std",
      "type": "string"
    },
    "region": {
      "value": "ap-northeast-2",
      "type": "string"
    }
  },
  "resources": [
    {
      "mode": "data",
      "type": "aws_availability_zones",
      "name": "available",
      "provider": "provider[\"registry.terraform.io/hashicorp/aws\"]",
      "instances": [
        {
          "schema_version": 0,
          "attributes": {
            "all_availability_zones": null,
            "exclude_names": null,
            "exclude_zone_ids": null,
            "filter": null,
            "group_names": [
              "ap-northeast-2-zg-1"
            ],
            "id": "ap-northeast-2",
            "names": [
              "ap-northeast-2a",
              "ap-northeast-2b",
              "ap-northeast-2c",
              "ap-northeast-2d"
            ],
            "state": null,
            "timeouts": null,
            "zone_ids": [
              "apne2-az1",
              "apne2-az2",
              "apne2-az3",
              "apne2-az4"
            ]
          },
          "sensitive_attributes": []
        }
      ]
    },
    {
      "mode": "data",
      "type": "aws_iam_user",
      "name": "users",
      "provider": "provider[\"registry.terraform.io/hashicorp/aws\"]",
      "instances": [
        {
          "index_key": "jeonyb",
          "schema_version": 0,
          "attributes": {
            "arn": "arn:aws:iam::627500151784:user/jeonyb",
            "id": "AIDAZEGPMOPUGYKMEUFZV",
            "path": "/",
            "permissions_boundary": "",
            "tags": {},
            "user_id": "AIDAZEGPMOPUGYKMEUFZV",
            "user_name": "jeonyb"
          },
          "sensitive_attributes": []
        },
        {
          "index_key": "lhysin",
          "schema_version": 0,
          "attributes": {
            "arn": "arn:aws:iam::627500151784:user/lhysin",
            "id": "AIDAZEGPMOPUMA3CIPUD7",
            "path": "/",
            "permissions_boundary": "",
            "tags": {
              "AKIAZEGPMOPUHJOK77G4": "lhysin local CLI"
            },
            "user_id": "AIDAZEGPMOPUMA3CIPUD7",
            "user_name": "lhysin"
          },
          "sensitive_attributes": []
        }
      ]
    },
    {
      "mode": "managed",
      "type": "aws_eip",
      "name": "nat",
      "provider": "provider[\"registry.terraform.io/hashicorp/aws\"]",
      "instances": [
        {
          "schema_version": 0,
          "attributes": {
            "address": null,
            "allocation_id": "eipalloc-0edaf793feb9ded2d",
            "arn": "arn:aws:ec2:ap-northeast-2:627500151784:elastic-ip/eipalloc-0edaf793feb9ded2d",
            "associate_with_private_ip": null,
            "association_id": "",
            "carrier_ip": "",
            "customer_owned_ip": "",
            "customer_owned_ipv4_pool": "",
            "domain": "vpc",
            "id": "eipalloc-0edaf793feb9ded2d",
            "instance": "",
            "ipam_pool_id": null,
            "network_border_group": "ap-northeast-2",
            "network_interface": "",
            "private_dns": null,
            "private_ip": "",
            "ptr_record": "",
            "public_dns": "ec2-13-209-238-65.ap-northeast-2.compute.amazonaws.com",
            "public_ip": "13.209.238.65",
            "public_ipv4_pool": "amazon",
            "tags": {
              "Name": "cjo-std-nat-ip-study-eks",
              "author": "lhysin",
              "owner": "lhysin",
              "phase": "std",
              "service": "study-eks",
              "team": "cjenm-arch"
            },
            "tags_all": {
              "Name": "cjo-std-nat-ip-study-eks",
              "author": "lhysin",
              "owner": "lhysin",
              "phase": "std",
              "service": "study-eks",
              "team": "cjenm-arch"
            },
            "timeouts": null,
            "vpc": true
          },
          "sensitive_attributes": [],
          "private": "eyJlMmJmYjczMC1lY2FhLTExZTYtOGY4OC0zNDM2M2JjN2M0YzAiOnsiZGVsZXRlIjoxODAwMDAwMDAwMDAsInJlYWQiOjkwMDAwMDAwMDAwMCwidXBkYXRlIjozMDAwMDAwMDAwMDB9fQ=="
        }
      ]
    },
    {
      "mode": "managed",
      "type": "aws_eks_access_entry",
      "name": "eks_access_entry",
      "provider": "provider[\"registry.terraform.io/hashicorp/aws\"]",
      "instances": [
        {
          "index_key": "jeonyb",
          "schema_version": 0,
          "attributes": {
            "access_entry_arn": "arn:aws:eks:ap-northeast-2:627500151784:access-entry/cjo-std-eks-cluster-study-eks/user/627500151784/jeonyb/78cae2ac-a982-6322-bc8f-78a7bfcde897",
            "cluster_name": "cjo-std-eks-cluster-study-eks",
            "created_at": "2025-03-23T23:32:00Z",
            "id": "cjo-std-eks-cluster-study-eks:arn:aws:iam::627500151784:user/jeonyb",
            "kubernetes_groups": [
              "eks-admins"
            ],
            "modified_at": "2025-03-23T23:32:00Z",
            "principal_arn": "arn:aws:iam::627500151784:user/jeonyb",
            "tags": null,
            "tags_all": {},
            "timeouts": null,
            "type": "STANDARD",
            "user_name": "arn:aws:iam::627500151784:user/jeonyb"
          },
          "sensitive_attributes": [],
          "private": "eyJlMmJmYjczMC1lY2FhLTExZTYtOGY4OC0zNDM2M2JjN2M0YzAiOnsiY3JlYXRlIjo2MDAwMDAwMDAwMDAsImRlbGV0ZSI6NjAwMDAwMDAwMDAwfX0=",
          "dependencies": [
            "aws_eks_cluster.eks",
            "aws_iam_role.eks_cluster_role",
            "aws_iam_role_policy_attachment.eks_cluster_role_AmazonEKSClusterPolicy",
            "aws_subnet.private-a",
            "aws_subnet.private-b",
            "aws_subnet.public-a",
            "aws_subnet.public-b",
            "aws_vpc.main",
            "data.aws_availability_zones.available",
            "data.aws_iam_user.users"
          ]
        },
        {
          "index_key": "lhysin",
          "schema_version": 0,
          "attributes": {
            "access_entry_arn": "arn:aws:eks:ap-northeast-2:627500151784:access-entry/cjo-std-eks-cluster-study-eks/user/627500151784/lhysin/46cae2ac-a97c-6140-57c0-497f15bf641f",
            "cluster_name": "cjo-std-eks-cluster-study-eks",
            "created_at": "2025-03-23T23:32:00Z",
            "id": "cjo-std-eks-cluster-study-eks:arn:aws:iam::627500151784:user/lhysin",
            "kubernetes_groups": [
              "eks-admins"
            ],
            "modified_at": "2025-03-23T23:32:00Z",
            "principal_arn": "arn:aws:iam::627500151784:user/lhysin",
            "tags": null,
            "tags_all": {},
            "timeouts": null,
            "type": "STANDARD",
            "user_name": "arn:aws:iam::627500151784:user/lhysin"
          },
          "sensitive_attributes": [],
          "private": "eyJlMmJmYjczMC1lY2FhLTExZTYtOGY4OC0zNDM2M2JjN2M0YzAiOnsiY3JlYXRlIjo2MDAwMDAwMDAwMDAsImRlbGV0ZSI6NjAwMDAwMDAwMDAwfX0=",
          "dependencies": [
            "aws_eks_cluster.eks",
            "aws_iam_role.eks_cluster_role",
            "aws_iam_role_policy_attachment.eks_cluster_role_AmazonEKSClusterPolicy",
            "aws_subnet.private-a",
            "aws_subnet.private-b",
            "aws_subnet.public-a",
            "aws_subnet.public-b",
            "aws_vpc.main",
            "data.aws_availability_zones.available",
            "data.aws_iam_user.users"
          ]
        }
      ]
    },
    {
      "mode": "managed",
      "type": "aws_eks_access_policy_association",
      "name": "eks_access_policy_association",
      "provider": "provider[\"registry.terraform.io/hashicorp/aws\"]",
      "instances": [
        {
          "index_key": "jeonyb",
          "schema_version": 0,
          "attributes": {
            "access_scope": [
              {
                "namespaces": null,
                "type": "cluster"
              }
            ],
            "associated_at": "2025-03-23 23:32:01.388 +0000 UTC",
            "cluster_name": "cjo-std-eks-cluster-study-eks",
            "id": "cjo-std-eks-cluster-study-eks#arn:aws:iam::627500151784:user/jeonyb#arn:aws:eks::aws:cluster-access-policy/AmazonEKSClusterAdminPolicy",
            "modified_at": "2025-03-23 23:32:01.388 +0000 UTC",
            "policy_arn": "arn:aws:eks::aws:cluster-access-policy/AmazonEKSClusterAdminPolicy",
            "principal_arn": "arn:aws:iam::627500151784:user/jeonyb",
            "timeouts": null
          },
          "sensitive_attributes": [],
          "private": "eyJlMmJmYjczMC1lY2FhLTExZTYtOGY4OC0zNDM2M2JjN2M0YzAiOnsiY3JlYXRlIjo2MDAwMDAwMDAwMDAsImRlbGV0ZSI6NjAwMDAwMDAwMDAwfX0=",
          "dependencies": [
            "aws_eks_access_entry.eks_access_entry",
            "aws_eks_cluster.eks",
            "aws_iam_role.eks_cluster_role",
            "aws_iam_role_policy_attachment.eks_cluster_role_AmazonEKSClusterPolicy",
            "aws_subnet.private-a",
            "aws_subnet.private-b",
            "aws_subnet.public-a",
            "aws_subnet.public-b",
            "aws_vpc.main",
            "data.aws_availability_zones.available",
            "data.aws_iam_user.users"
          ]
        },
        {
          "index_key": "lhysin",
          "schema_version": 0,
          "attributes": {
            "access_scope": [
              {
                "namespaces": null,
                "type": "cluster"
              }
            ],
            "associated_at": "2025-03-23 23:32:01.367 +0000 UTC",
            "cluster_name": "cjo-std-eks-cluster-study-eks",
            "id": "cjo-std-eks-cluster-study-eks#arn:aws:iam::627500151784:user/lhysin#arn:aws:eks::aws:cluster-access-policy/AmazonEKSClusterAdminPolicy",
            "modified_at": "2025-03-23 23:32:01.367 +0000 UTC",
            "policy_arn": "arn:aws:eks::aws:cluster-access-policy/AmazonEKSClusterAdminPolicy",
            "principal_arn": "arn:aws:iam::627500151784:user/lhysin",
            "timeouts": null
          },
          "sensitive_attributes": [],
          "private": "eyJlMmJmYjczMC1lY2FhLTExZTYtOGY4OC0zNDM2M2JjN2M0YzAiOnsiY3JlYXRlIjo2MDAwMDAwMDAwMDAsImRlbGV0ZSI6NjAwMDAwMDAwMDAwfX0=",
          "dependencies": [
            "aws_eks_access_entry.eks_access_entry",
            "aws_eks_cluster.eks",
            "aws_iam_role.eks_cluster_role",
            "aws_iam_role_policy_attachment.eks_cluster_role_AmazonEKSClusterPolicy",
            "aws_subnet.private-a",
            "aws_subnet.private-b",
            "aws_subnet.public-a",
            "aws_subnet.public-b",
            "aws_vpc.main",
            "data.aws_availability_zones.available",
            "data.aws_iam_user.users"
          ]
        }
      ]
    },
    {
      "mode": "managed",
      "type": "aws_eks_cluster",
      "name": "eks",
      "provider": "provider[\"registry.terraform.io/hashicorp/aws\"]",
      "instances": [
        {
          "schema_version": 1,
          "attributes": {
            "access_config": [
              {
                "authentication_mode": "API",
                "bootstrap_cluster_creator_admin_permissions": false
              }
            ],
            "arn": "arn:aws:eks:ap-northeast-2:627500151784:cluster/cjo-std-eks-cluster-study-eks",
            "bootstrap_self_managed_addons": true,
            "certificate_authority": [
              {
                "data": "LS0tLS1CRUdJTiBDRVJUSUZJQ0FURS0tLS0tCk1JSURCVENDQWUyZ0F3SUJBZ0lJTlBKbHdRSXlxUmN3RFFZSktvWklodmNOQVFFTEJRQXdGVEVUTUJFR0ExVUUKQXhNS2EzVmlaWEp1WlhSbGN6QWVGdzB5TlRBek1qTXlNekkwTXpSYUZ3MHpOVEF6TWpFeU16STVNelJhTUJVeApFekFSQmdOVkJBTVRDbXQxWW1WeWJtVjBaWE13Z2dFaU1BMEdDU3FHU0liM0RRRUJBUVVBQTRJQkR3QXdnZ0VLCkFvSUJBUUNxelJtdnhqRVd6cVhVVnlrODJnQWpSSTY3UEwydGxOb3JZR3c4bjM5Tzk1RVZWWG1UNFBkcTIyZDMKNUFKbUJzUitBVTU1RnkzZWtGOGlySm00TTg0N3dCVStDQzY0c2RNaUM4MC8zQkZlWmMxY0xtaXhQWDNiZjNOegprNVhQcWkvYTh4Sjh3ZUVUYnhQcFVQeHJMbWxsQkFSWkE1RFRnSVdvNWNTdkxKSldmbDY3cncyTmRoMEE4Si9oCjhET3hnVmJ1SENSVldVV1JCeDVlQVZMazNRSGhFaGhNR1RNT281QUQ0RGxKWjErYjh1VzFSRXNMdVpXRlNobVcKUlpEZnlEeGNhRWt4VmY1a1BsQ0tIMVpCc0piUkJ3VXcyRDFDT2RQWlhaclhyOGRVQVh0bm5lYmhlWkxnYkkyVQpPaFUrSmxPYlFaS1VIQXZDS3RWWEdHVVlSS1V0QWdNQkFBR2pXVEJYTUE0R0ExVWREd0VCL3dRRUF3SUNwREFQCkJnTlZIUk1CQWY4RUJUQURBUUgvTUIwR0ExVWREZ1FXQkJUYjZVTXNoTEJsU0NkekVjdlhnN0RDSFhXcTdUQVYKQmdOVkhSRUVEakFNZ2dwcmRXSmxjbTVsZEdWek1BMEdDU3FHU0liM0RRRUJDd1VBQTRJQkFRQmN1Z3M0ZCtDWApZT2RqR2p2MlZMWFNZcVN2bWJlN1ZEcnVzdlVOVzA0cUkyM05uc1MwTWFwU3d0VjRoMk1xWTVFRDFNK1p6T2NECm9ZdGRLRUM5R1BhQXljbWpDNWVKSEI2a3lmVEtoeVAvRDJVdjdGV29HOUljalIwTklsMHduRU1QcUU3bGttOXkKcmEzbFFKLzlHMFBrZFkxL1dvZk5CUXJLQnpFb2ZjaWNmYkNwcENoazd0Tm40SVlhSEoxOXJ3Qmw5QjdZTWpjdwpuUVRYQzBvUkxCUWhkNmIvRkVYcGVCL3JkWlc0MUZpQzhGTUZ0a2xBK1N0SUNFVTl0QVU0NTQzT05Zd0ZHTE5QCi9hVEVwZHRPRFljWmNqTVV2VlpDZHdVS0FuZWlncWxVb3B5dVRDM1NsRDVQdFhKZ2FYdXlEKzA1WTZSSUluV1kKSDk5eUtDMVFFWjNxCi0tLS0tRU5EIENFUlRJRklDQVRFLS0tLS0K"
              }
            ],
            "cluster_id": null,
            "compute_config": [],
            "created_at": "2025-03-23T23:25:19Z",
            "enabled_cluster_log_types": null,
            "encryption_config": [],
            "endpoint": "https://0E20E98B228E6F6565E040521182DF41.sk1.ap-northeast-2.eks.amazonaws.com",
            "id": "cjo-std-eks-cluster-study-eks",
            "identity": [
              {
                "oidc": [
                  {
                    "issuer": "https://oidc.eks.ap-northeast-2.amazonaws.com/id/0E20E98B228E6F6565E040521182DF41"
                  }
                ]
              }
            ],
            "kubernetes_network_config": [
              {
                "elastic_load_balancing": [
                  {
                    "enabled": false
                  }
                ],
                "ip_family": "ipv4",
                "service_ipv4_cidr": "172.20.0.0/16",
                "service_ipv6_cidr": ""
              }
            ],
            "name": "cjo-std-eks-cluster-study-eks",
            "outpost_config": [],
            "platform_version": "eks.5",
            "remote_network_config": [],
            "role_arn": "arn:aws:iam::627500151784:role/cjo-std-eks-cluster-role-study-eks",
            "status": "ACTIVE",
            "storage_config": [],
            "tags": {
              "author": "lhysin",
              "owner": "lhysin",
              "phase": "std",
              "service": "study-eks",
              "team": "cjenm-arch"
            },
            "tags_all": {
              "author": "lhysin",
              "owner": "lhysin",
              "phase": "std",
              "service": "study-eks",
              "team": "cjenm-arch"
            },
            "timeouts": null,
            "upgrade_policy": [
              {
                "support_type": "EXTENDED"
              }
            ],
            "version": "1.32",
            "vpc_config": [
              {
                "cluster_security_group_id": "sg-037831fde206e9709",
                "endpoint_private_access": false,
                "endpoint_public_access": true,
                "public_access_cidrs": [
                  "0.0.0.0/0"
                ],
                "security_group_ids": null,
                "subnet_ids": [
                  "subnet-0006549bcaba6bc0b",
                  "subnet-0b075d6c20efb19b2",
                  "subnet-0b8bd5abe354d2292",
                  "subnet-0fa895aeae80df35b"
                ],
                "vpc_id": "vpc-0adf5520feec12a25"
              }
            ],
            "zonal_shift_config": []
          },
          "sensitive_attributes": [],
          "private": "eyJlMmJmYjczMC1lY2FhLTExZTYtOGY4OC0zNDM2M2JjN2M0YzAiOnsiY3JlYXRlIjoxODAwMDAwMDAwMDAwLCJkZWxldGUiOjkwMDAwMDAwMDAwMCwidXBkYXRlIjozNjAwMDAwMDAwMDAwfSwic2NoZW1hX3ZlcnNpb24iOiIxIn0=",
          "dependencies": [
            "aws_iam_role.eks_cluster_role",
            "aws_iam_role_policy_attachment.eks_cluster_role_AmazonEKSClusterPolicy",
            "aws_subnet.private-a",
            "aws_subnet.private-b",
            "aws_subnet.public-a",
            "aws_subnet.public-b",
            "aws_vpc.main",
            "data.aws_availability_zones.available"
          ]
        }
      ]
    },
    {
      "mode": "managed",
      "type": "aws_eks_fargate_profile",
      "name": "fargate_profile",
      "provider": "provider[\"registry.terraform.io/hashicorp/aws\"]",
      "instances": [
        {
          "schema_version": 0,
          "attributes": {
            "arn": "arn:aws:eks:ap-northeast-2:627500151784:fargateprofile/cjo-std-eks-cluster-study-eks/cjo-std-fargate-profile-study-eks/8ccae2ac-a955-3bc2-4422-1d9be9dae2ae",
            "cluster_name": "cjo-std-eks-cluster-study-eks",
            "fargate_profile_name": "cjo-std-fargate-profile-study-eks",
            "id": "cjo-std-eks-cluster-study-eks:cjo-std-fargate-profile-study-eks",
            "pod_execution_role_arn": "arn:aws:iam::627500151784:role/cjo-std-eks-fargate-role-study-eks",
            "selector": [
              {
                "labels": null,
                "namespace": "std"
              }
            ],
            "status": "ACTIVE",
            "subnet_ids": [
              "subnet-0006549bcaba6bc0b",
              "subnet-0b8bd5abe354d2292"
            ],
            "tags": {
              "author": "lhysin",
              "owner": "lhysin",
              "phase": "std",
              "service": "study-eks",
              "team": "cjenm-arch"
            },
            "tags_all": {
              "author": "lhysin",
              "owner": "lhysin",
              "phase": "std",
              "service": "study-eks",
              "team": "cjenm-arch"
            },
            "timeouts": null
          },
          "sensitive_attributes": [],
          "private": "eyJlMmJmYjczMC1lY2FhLTExZTYtOGY4OC0zNDM2M2JjN2M0YzAiOnsiY3JlYXRlIjo2MDAwMDAwMDAwMDAsImRlbGV0ZSI6NjAwMDAwMDAwMDAwfX0=",
          "dependencies": [
            "aws_eks_cluster.eks",
            "aws_iam_role.eks_cluster_role",
            "aws_iam_role.eks_fargate_role",
            "aws_iam_role_policy_attachment.eks_cluster_role_AmazonEKSClusterPolicy",
            "aws_iam_role_policy_attachment.eks_fargate_role_AmazonEKSFargatePodExecutionRolePolicy",
            "aws_subnet.private-a",
            "aws_subnet.private-b",
            "aws_subnet.public-a",
            "aws_subnet.public-b",
            "aws_vpc.main",
            "data.aws_availability_zones.available"
          ]
        }
      ]
    },
    {
      "mode": "managed",
      "type": "aws_eks_node_group",
      "name": "eks_t4g_small_node_group",
      "provider": "provider[\"registry.terraform.io/hashicorp/aws\"]",
      "instances": [
        {
          "schema_version": 0,
          "attributes": {
            "ami_type": "AL2_ARM_64",
            "arn": "arn:aws:eks:ap-northeast-2:627500151784:nodegroup/cjo-std-eks-cluster-study-eks/cjo-std-node-group-t4g-small-study-eks/36cae2ac-a956-8e86-b174-ac7377c8ff0b",
            "capacity_type": "SPOT",
            "cluster_name": "cjo-std-eks-cluster-study-eks",
            "disk_size": 20,
            "force_update_version": null,
            "id": "cjo-std-eks-cluster-study-eks:cjo-std-node-group-t4g-small-study-eks",
            "instance_types": [
              "t4g.small"
            ],
            "labels": null,
            "launch_template": [],
            "node_group_name": "cjo-std-node-group-t4g-small-study-eks",
            "node_group_name_prefix": "",
            "node_repair_config": [],
            "node_role_arn": "arn:aws:iam::627500151784:role/cjo-std-eks-node-role-study-eks",
            "release_version": "1.32.1-20250317",
            "remote_access": [],
            "resources": [
              {
                "autoscaling_groups": [
                  {
                    "name": "eks-cjo-std-node-group-t4g-small-study-eks-36cae2ac-a956-8e86-b174-ac7377c8ff0b"
                  }
                ],
                "remote_access_security_group_id": ""
              }
            ],
            "scaling_config": [
              {
                "desired_size": 2,
                "max_size": 4,
                "min_size": 1
              }
            ],
            "status": "ACTIVE",
            "subnet_ids": [
              "subnet-0006549bcaba6bc0b",
              "subnet-0b075d6c20efb19b2",
              "subnet-0b8bd5abe354d2292",
              "subnet-0fa895aeae80df35b"
            ],
            "tags": {
              "author": "lhysin",
              "owner": "lhysin",
              "phase": "std",
              "service": "study-eks",
              "team": "cjenm-arch"
            },
            "tags_all": {
              "author": "lhysin",
              "owner": "lhysin",
              "phase": "std",
              "service": "study-eks",
              "team": "cjenm-arch"
            },
            "taint": [],
            "timeouts": null,
            "update_config": [
              {
                "max_unavailable": 1,
                "max_unavailable_percentage": 0
              }
            ],
            "version": "1.32"
          },
          "sensitive_attributes": [],
          "private": "eyJlMmJmYjczMC1lY2FhLTExZTYtOGY4OC0zNDM2M2JjN2M0YzAiOnsiY3JlYXRlIjozNjAwMDAwMDAwMDAwLCJkZWxldGUiOjM2MDAwMDAwMDAwMDAsInVwZGF0ZSI6MzYwMDAwMDAwMDAwMH19",
          "dependencies": [
            "aws_eks_cluster.eks",
            "aws_iam_role.eks_cluster_role",
            "aws_iam_role.eks_node_role",
            "aws_iam_role_policy_attachment.eks_cluster_role_AmazonEKSClusterPolicy",
            "aws_iam_role_policy_attachment.eks_node_role_AmazonEC2ContainerRegistryReadOnly",
            "aws_iam_role_policy_attachment.eks_node_role_AmazonEKSWorkerNodePolicy",
            "aws_iam_role_policy_attachment.eks_node_role_AmazonEKS_CNI_Policy",
            "aws_iam_role_policy_attachment.eks_node_role_AutoScalingFullAccess",
            "aws_subnet.private-a",
            "aws_subnet.private-b",
            "aws_subnet.public-a",
            "aws_subnet.public-b",
            "aws_vpc.main",
            "data.aws_availability_zones.available"
          ]
        }
      ]
    },
    {
      "mode": "managed",
      "type": "aws_iam_role",
      "name": "eks_cluster_role",
      "provider": "provider[\"registry.terraform.io/hashicorp/aws\"]",
      "instances": [
        {
          "schema_version": 0,
          "attributes": {
            "arn": "arn:aws:iam::627500151784:role/cjo-std-eks-cluster-role-study-eks",
            "assume_role_policy": "{\"Statement\":[{\"Action\":[\"sts:AssumeRole\",\"sts:TagSession\"],\"Effect\":\"Allow\",\"Principal\":{\"Service\":\"eks.amazonaws.com\"}}],\"Version\":\"2012-10-17\"}",
            "create_date": "2025-03-23T23:25:04Z",
            "description": "",
            "force_detach_policies": false,
            "id": "cjo-std-eks-cluster-role-study-eks",
            "inline_policy": [],
            "managed_policy_arns": [],
            "max_session_duration": 3600,
            "name": "cjo-std-eks-cluster-role-study-eks",
            "name_prefix": "",
            "path": "/",
            "permissions_boundary": "",
            "tags": {
              "Name": "cjo-std-eks-cluster-role-study-eks",
              "author": "lhysin",
              "owner": "lhysin",
              "phase": "std",
              "service": "study-eks",
              "team": "cjenm-arch"
            },
            "tags_all": {
              "Name": "cjo-std-eks-cluster-role-study-eks",
              "author": "lhysin",
              "owner": "lhysin",
              "phase": "std",
              "service": "study-eks",
              "team": "cjenm-arch"
            },
            "unique_id": "AROAZEGPMOPUMBS2F3YDZ"
          },
          "sensitive_attributes": [],
          "private": "bnVsbA=="
        }
      ]
    },
    {
      "mode": "managed",
      "type": "aws_iam_role",
      "name": "eks_fargate_role",
      "provider": "provider[\"registry.terraform.io/hashicorp/aws\"]",
      "instances": [
        {
          "schema_version": 0,
          "attributes": {
            "arn": "arn:aws:iam::627500151784:role/cjo-std-eks-fargate-role-study-eks",
            "assume_role_policy": "{\"Statement\":[{\"Action\":\"sts:AssumeRole\",\"Effect\":\"Allow\",\"Principal\":{\"Service\":\"eks-fargate-pods.amazonaws.com\"}}],\"Version\":\"2012-10-17\"}",
            "create_date": "2025-03-23T23:25:04Z",
            "description": "",
            "force_detach_policies": false,
            "id": "cjo-std-eks-fargate-role-study-eks",
            "inline_policy": [],
            "managed_policy_arns": [],
            "max_session_duration": 3600,
            "name": "cjo-std-eks-fargate-role-study-eks",
            "name_prefix": "",
            "path": "/",
            "permissions_boundary": "",
            "tags": {
              "author": "lhysin",
              "owner": "lhysin",
              "phase": "std",
              "service": "study-eks",
              "team": "cjenm-arch"
            },
            "tags_all": {
              "author": "lhysin",
              "owner": "lhysin",
              "phase": "std",
              "service": "study-eks",
              "team": "cjenm-arch"
            },
            "unique_id": "AROAZEGPMOPUKJQQQLUWQ"
          },
          "sensitive_attributes": [],
          "private": "bnVsbA=="
        }
      ]
    },
    {
      "mode": "managed",
      "type": "aws_iam_role",
      "name": "eks_node_role",
      "provider": "provider[\"registry.terraform.io/hashicorp/aws\"]",
      "instances": [
        {
          "schema_version": 0,
          "attributes": {
            "arn": "arn:aws:iam::627500151784:role/cjo-std-eks-node-role-study-eks",
            "assume_role_policy": "{\"Statement\":[{\"Action\":\"sts:AssumeRole\",\"Effect\":\"Allow\",\"Principal\":{\"Service\":\"ec2.amazonaws.com\"}}],\"Version\":\"2012-10-17\"}",
            "create_date": "2025-03-23T23:25:04Z",
            "description": "",
            "force_detach_policies": false,
            "id": "cjo-std-eks-node-role-study-eks",
            "inline_policy": [],
            "managed_policy_arns": [],
            "max_session_duration": 3600,
            "name": "cjo-std-eks-node-role-study-eks",
            "name_prefix": "",
            "path": "/",
            "permissions_boundary": "",
            "tags": {
              "Name": "cjo-std-eks-node-role-study-eks",
              "author": "lhysin",
              "owner": "lhysin",
              "phase": "std",
              "service": "study-eks",
              "team": "cjenm-arch"
            },
            "tags_all": {
              "Name": "cjo-std-eks-node-role-study-eks",
              "author": "lhysin",
              "owner": "lhysin",
              "phase": "std",
              "service": "study-eks",
              "team": "cjenm-arch"
            },
            "unique_id": "AROAZEGPMOPUJUM7SWPX4"
          },
          "sensitive_attributes": [],
          "private": "bnVsbA=="
        }
      ]
    },
    {
      "mode": "managed",
      "type": "aws_iam_role_policy_attachment",
      "name": "eks_cluster_role_AmazonEKSClusterPolicy",
      "provider": "provider[\"registry.terraform.io/hashicorp/aws\"]",
      "instances": [
        {
          "schema_version": 0,
          "attributes": {
            "id": "cjo-std-eks-cluster-role-study-eks-20250323232505774100000001",
            "policy_arn": "arn:aws:iam::aws:policy/AmazonEKSClusterPolicy",
            "role": "cjo-std-eks-cluster-role-study-eks"
          },
          "sensitive_attributes": [],
          "private": "bnVsbA==",
          "dependencies": [
            "aws_iam_role.eks_cluster_role"
          ]
        }
      ]
    },
    {
      "mode": "managed",
      "type": "aws_iam_role_policy_attachment",
      "name": "eks_fargate_role_AmazonEKSFargatePodExecutionRolePolicy",
      "provider": "provider[\"registry.terraform.io/hashicorp/aws\"]",
      "instances": [
        {
          "schema_version": 0,
          "attributes": {
            "id": "cjo-std-eks-fargate-role-study-eks-20250323232506260100000002",
            "policy_arn": "arn:aws:iam::aws:policy/AmazonEKSFargatePodExecutionRolePolicy",
            "role": "cjo-std-eks-fargate-role-study-eks"
          },
          "sensitive_attributes": [],
          "private": "bnVsbA==",
          "dependencies": [
            "aws_iam_role.eks_fargate_role"
          ]
        }
      ]
    },
    {
      "mode": "managed",
      "type": "aws_iam_role_policy_attachment",
      "name": "eks_node_role_AmazonEC2ContainerRegistryReadOnly",
      "provider": "provider[\"registry.terraform.io/hashicorp/aws\"]",
      "instances": [
        {
          "schema_version": 0,
          "attributes": {
            "id": "cjo-std-eks-node-role-study-eks-20250323232506361700000004",
            "policy_arn": "arn:aws:iam::aws:policy/AmazonEC2ContainerRegistryReadOnly",
            "role": "cjo-std-eks-node-role-study-eks"
          },
          "sensitive_attributes": [],
          "private": "bnVsbA==",
          "dependencies": [
            "aws_iam_role.eks_node_role"
          ]
        }
      ]
    },
    {
      "mode": "managed",
      "type": "aws_iam_role_policy_attachment",
      "name": "eks_node_role_AmazonEKSWorkerNodePolicy",
      "provider": "provider[\"registry.terraform.io/hashicorp/aws\"]",
      "instances": [
        {
          "schema_version": 0,
          "attributes": {
            "id": "cjo-std-eks-node-role-study-eks-20250323232506912100000007",
            "policy_arn": "arn:aws:iam::aws:policy/AmazonEKSWorkerNodePolicy",
            "role": "cjo-std-eks-node-role-study-eks"
          },
          "sensitive_attributes": [],
          "private": "bnVsbA==",
          "dependencies": [
            "aws_iam_role.eks_node_role"
          ]
        }
      ]
    },
    {
      "mode": "managed",
      "type": "aws_iam_role_policy_attachment",
      "name": "eks_node_role_AmazonEKS_CNI_Policy",
      "provider": "provider[\"registry.terraform.io/hashicorp/aws\"]",
      "instances": [
        {
          "schema_version": 0,
          "attributes": {
            "id": "cjo-std-eks-node-role-study-eks-20250323232506538500000005",
            "policy_arn": "arn:aws:iam::aws:policy/AmazonEKS_CNI_Policy",
            "role": "cjo-std-eks-node-role-study-eks"
          },
          "sensitive_attributes": [],
          "private": "bnVsbA==",
          "dependencies": [
            "aws_iam_role.eks_node_role"
          ]
        }
      ]
    },
    {
      "mode": "managed",
      "type": "aws_iam_role_policy_attachment",
      "name": "eks_node_role_AutoScalingFullAccess",
      "provider": "provider[\"registry.terraform.io/hashicorp/aws\"]",
      "instances": [
        {
          "schema_version": 0,
          "attributes": {
            "id": "cjo-std-eks-node-role-study-eks-20250323232506341400000003",
            "policy_arn": "arn:aws:iam::aws:policy/AutoScalingFullAccess",
            "role": "cjo-std-eks-node-role-study-eks"
          },
          "sensitive_attributes": [],
          "private": "bnVsbA==",
          "dependencies": [
            "aws_iam_role.eks_node_role"
          ]
        }
      ]
    },
    {
      "mode": "managed",
      "type": "aws_internet_gateway",
      "name": "gw",
      "provider": "provider[\"registry.terraform.io/hashicorp/aws\"]",
      "instances": [
        {
          "schema_version": 0,
          "attributes": {
            "arn": "arn:aws:ec2:ap-northeast-2:627500151784:internet-gateway/igw-0ad826f81302723e4",
            "id": "igw-0ad826f81302723e4",
            "owner_id": "627500151784",
            "tags": {
              "Name": "cjo-std-igw-study-eks",
              "author": "lhysin",
              "owner": "lhysin",
              "phase": "std",
              "service": "study-eks",
              "team": "cjenm-arch"
            },
            "tags_all": {
              "Name": "cjo-std-igw-study-eks",
              "author": "lhysin",
              "owner": "lhysin",
              "phase": "std",
              "service": "study-eks",
              "team": "cjenm-arch"
            },
            "timeouts": null,
            "vpc_id": "vpc-0adf5520feec12a25"
          },
          "sensitive_attributes": [],
          "private": "eyJlMmJmYjczMC1lY2FhLTExZTYtOGY4OC0zNDM2M2JjN2M0YzAiOnsiY3JlYXRlIjoxMjAwMDAwMDAwMDAwLCJkZWxldGUiOjEyMDAwMDAwMDAwMDAsInVwZGF0ZSI6MTIwMDAwMDAwMDAwMH19",
          "dependencies": [
            "aws_vpc.main"
          ]
        }
      ]
    },
    {
      "mode": "managed",
      "type": "aws_nat_gateway",
      "name": "gw",
      "provider": "provider[\"registry.terraform.io/hashicorp/aws\"]",
      "instances": [
        {
          "schema_version": 0,
          "attributes": {
            "allocation_id": "eipalloc-0edaf793feb9ded2d",
            "association_id": "eipassoc-091d809171c1a2da6",
            "connectivity_type": "public",
            "id": "nat-082a2ec875580d401",
            "network_interface_id": "eni-0189735eb2ce836c0",
            "private_ip": "10.0.0.5",
            "public_ip": "13.209.238.65",
            "secondary_allocation_ids": null,
            "secondary_private_ip_address_count": 0,
            "secondary_private_ip_addresses": [],
            "subnet_id": "subnet-0fa895aeae80df35b",
            "tags": {
              "Name": "cjo-std-nat-gw-study-eks",
              "author": "lhysin",
              "owner": "lhysin",
              "phase": "std",
              "service": "study-eks",
              "team": "cjenm-arch"
            },
            "tags_all": {
              "Name": "cjo-std-nat-gw-study-eks",
              "author": "lhysin",
              "owner": "lhysin",
              "phase": "std",
              "service": "study-eks",
              "team": "cjenm-arch"
            },
            "timeouts": null
          },
          "sensitive_attributes": [],
          "private": "eyJlMmJmYjczMC1lY2FhLTExZTYtOGY4OC0zNDM2M2JjN2M0YzAiOnsiY3JlYXRlIjo2MDAwMDAwMDAwMDAsImRlbGV0ZSI6MTgwMDAwMDAwMDAwMCwidXBkYXRlIjo2MDAwMDAwMDAwMDB9fQ==",
          "dependencies": [
            "aws_eip.nat",
            "aws_subnet.public-a",
            "aws_vpc.main",
            "data.aws_availability_zones.available"
          ]
        }
      ]
    },
    {
      "mode": "managed",
      "type": "aws_route_table",
      "name": "private",
      "provider": "provider[\"registry.terraform.io/hashicorp/aws\"]",
      "instances": [
        {
          "schema_version": 0,
          "attributes": {
            "arn": "arn:aws:ec2:ap-northeast-2:627500151784:route-table/rtb-02a0e0b70f66d9b61",
            "id": "rtb-02a0e0b70f66d9b61",
            "owner_id": "627500151784",
            "propagating_vgws": [],
            "route": [
              {
                "carrier_gateway_id": "",
                "cidr_block": "0.0.0.0/0",
                "core_network_arn": "",
                "destination_prefix_list_id": "",
                "egress_only_gateway_id": "",
                "gateway_id": "",
                "ipv6_cidr_block": "",
                "local_gateway_id": "",
                "nat_gateway_id": "nat-082a2ec875580d401",
                "network_interface_id": "",
                "transit_gateway_id": "",
                "vpc_endpoint_id": "",
                "vpc_peering_connection_id": ""
              }
            ],
            "tags": {
              "Name": "cjo-std-pri-route-table-study-eks",
              "author": "lhysin",
              "owner": "lhysin",
              "phase": "std",
              "service": "study-eks",
              "team": "cjenm-arch"
            },
            "tags_all": {
              "Name": "cjo-std-pri-route-table-study-eks",
              "author": "lhysin",
              "owner": "lhysin",
              "phase": "std",
              "service": "study-eks",
              "team": "cjenm-arch"
            },
            "timeouts": null,
            "vpc_id": "vpc-0adf5520feec12a25"
          },
          "sensitive_attributes": [],
          "private": "eyJlMmJmYjczMC1lY2FhLTExZTYtOGY4OC0zNDM2M2JjN2M0YzAiOnsiY3JlYXRlIjozMDAwMDAwMDAwMDAsImRlbGV0ZSI6MzAwMDAwMDAwMDAwLCJ1cGRhdGUiOjEyMDAwMDAwMDAwMH19",
          "dependencies": [
            "aws_eip.nat",
            "aws_nat_gateway.gw",
            "aws_subnet.public-a",
            "aws_vpc.main",
            "data.aws_availability_zones.available"
          ]
        }
      ]
    },
    {
      "mode": "managed",
      "type": "aws_route_table",
      "name": "public",
      "provider": "provider[\"registry.terraform.io/hashicorp/aws\"]",
      "instances": [
        {
          "schema_version": 0,
          "attributes": {
            "arn": "arn:aws:ec2:ap-northeast-2:627500151784:route-table/rtb-05e9543fbb3a89d10",
            "id": "rtb-05e9543fbb3a89d10",
            "owner_id": "627500151784",
            "propagating_vgws": [],
            "route": [
              {
                "carrier_gateway_id": "",
                "cidr_block": "0.0.0.0/0",
                "core_network_arn": "",
                "destination_prefix_list_id": "",
                "egress_only_gateway_id": "",
                "gateway_id": "igw-0ad826f81302723e4",
                "ipv6_cidr_block": "",
                "local_gateway_id": "",
                "nat_gateway_id": "",
                "network_interface_id": "",
                "transit_gateway_id": "",
                "vpc_endpoint_id": "",
                "vpc_peering_connection_id": ""
              }
            ],
            "tags": {
              "Name": "cjo-std-pub-route-table-study-eks",
              "author": "lhysin",
              "owner": "lhysin",
              "phase": "std",
              "service": "study-eks",
              "team": "cjenm-arch"
            },
            "tags_all": {
              "Name": "cjo-std-pub-route-table-study-eks",
              "author": "lhysin",
              "owner": "lhysin",
              "phase": "std",
              "service": "study-eks",
              "team": "cjenm-arch"
            },
            "timeouts": null,
            "vpc_id": "vpc-0adf5520feec12a25"
          },
          "sensitive_attributes": [],
          "private": "eyJlMmJmYjczMC1lY2FhLTExZTYtOGY4OC0zNDM2M2JjN2M0YzAiOnsiY3JlYXRlIjozMDAwMDAwMDAwMDAsImRlbGV0ZSI6MzAwMDAwMDAwMDAwLCJ1cGRhdGUiOjEyMDAwMDAwMDAwMH19",
          "dependencies": [
            "aws_internet_gateway.gw",
            "aws_vpc.main"
          ]
        }
      ]
    },
    {
      "mode": "managed",
      "type": "aws_route_table_association",
      "name": "private-a",
      "provider": "provider[\"registry.terraform.io/hashicorp/aws\"]",
      "instances": [
        {
          "schema_version": 0,
          "attributes": {
            "gateway_id": "",
            "id": "rtbassoc-0f35ae0e8ca3df632",
            "route_table_id": "rtb-02a0e0b70f66d9b61",
            "subnet_id": "subnet-0b8bd5abe354d2292",
            "timeouts": null
          },
          "sensitive_attributes": [],
          "private": "eyJlMmJmYjczMC1lY2FhLTExZTYtOGY4OC0zNDM2M2JjN2M0YzAiOnsiY3JlYXRlIjozMDAwMDAwMDAwMDAsImRlbGV0ZSI6MzAwMDAwMDAwMDAwLCJ1cGRhdGUiOjEyMDAwMDAwMDAwMH19",
          "dependencies": [
            "aws_eip.nat",
            "aws_nat_gateway.gw",
            "aws_route_table.private",
            "aws_subnet.private-a",
            "aws_subnet.public-a",
            "aws_vpc.main",
            "data.aws_availability_zones.available"
          ]
        }
      ]
    },
    {
      "mode": "managed",
      "type": "aws_route_table_association",
      "name": "private-b",
      "provider": "provider[\"registry.terraform.io/hashicorp/aws\"]",
      "instances": [
        {
          "schema_version": 0,
          "attributes": {
            "gateway_id": "",
            "id": "rtbassoc-0f6da28fa2a59ee43",
            "route_table_id": "rtb-02a0e0b70f66d9b61",
            "subnet_id": "subnet-0006549bcaba6bc0b",
            "timeouts": null
          },
          "sensitive_attributes": [],
          "private": "eyJlMmJmYjczMC1lY2FhLTExZTYtOGY4OC0zNDM2M2JjN2M0YzAiOnsiY3JlYXRlIjozMDAwMDAwMDAwMDAsImRlbGV0ZSI6MzAwMDAwMDAwMDAwLCJ1cGRhdGUiOjEyMDAwMDAwMDAwMH19",
          "dependencies": [
            "aws_eip.nat",
            "aws_nat_gateway.gw",
            "aws_route_table.private",
            "aws_subnet.private-b",
            "aws_subnet.public-a",
            "aws_vpc.main",
            "data.aws_availability_zones.available"
          ]
        }
      ]
    },
    {
      "mode": "managed",
      "type": "aws_route_table_association",
      "name": "public-a",
      "provider": "provider[\"registry.terraform.io/hashicorp/aws\"]",
      "instances": [
        {
          "schema_version": 0,
          "attributes": {
            "gateway_id": "",
            "id": "rtbassoc-013300961dd01fc9a",
            "route_table_id": "rtb-05e9543fbb3a89d10",
            "subnet_id": "subnet-0fa895aeae80df35b",
            "timeouts": null
          },
          "sensitive_attributes": [],
          "private": "eyJlMmJmYjczMC1lY2FhLTExZTYtOGY4OC0zNDM2M2JjN2M0YzAiOnsiY3JlYXRlIjozMDAwMDAwMDAwMDAsImRlbGV0ZSI6MzAwMDAwMDAwMDAwLCJ1cGRhdGUiOjEyMDAwMDAwMDAwMH19",
          "dependencies": [
            "aws_internet_gateway.gw",
            "aws_route_table.public",
            "aws_subnet.public-a",
            "aws_vpc.main",
            "data.aws_availability_zones.available"
          ]
        }
      ]
    },
    {
      "mode": "managed",
      "type": "aws_route_table_association",
      "name": "public-b",
      "provider": "provider[\"registry.terraform.io/hashicorp/aws\"]",
      "instances": [
        {
          "schema_version": 0,
          "attributes": {
            "gateway_id": "",
            "id": "rtbassoc-0992eb160ec200bef",
            "route_table_id": "rtb-05e9543fbb3a89d10",
            "subnet_id": "subnet-0b075d6c20efb19b2",
            "timeouts": null
          },
          "sensitive_attributes": [],
          "private": "eyJlMmJmYjczMC1lY2FhLTExZTYtOGY4OC0zNDM2M2JjN2M0YzAiOnsiY3JlYXRlIjozMDAwMDAwMDAwMDAsImRlbGV0ZSI6MzAwMDAwMDAwMDAwLCJ1cGRhdGUiOjEyMDAwMDAwMDAwMH19",
          "dependencies": [
            "aws_internet_gateway.gw",
            "aws_route_table.public",
            "aws_subnet.public-b",
            "aws_vpc.main",
            "data.aws_availability_zones.available"
          ]
        }
      ]
    },
    {
      "mode": "managed",
      "type": "aws_security_group",
      "name": "eks_control_plane_sg",
      "provider": "provider[\"registry.terraform.io/hashicorp/aws\"]",
      "instances": [
        {
          "schema_version": 1,
          "attributes": {
            "arn": "arn:aws:ec2:ap-northeast-2:627500151784:security-group/sg-074a8a431905acfda",
            "description": "EKS Control Plane Security Group",
            "egress": [
              {
                "cidr_blocks": [
                  "0.0.0.0/0"
                ],
                "description": "",
                "from_port": 0,
                "ipv6_cidr_blocks": [],
                "prefix_list_ids": [],
                "protocol": "-1",
                "security_groups": [],
                "self": false,
                "to_port": 0
              }
            ],
            "id": "sg-074a8a431905acfda",
            "ingress": [
              {
                "cidr_blocks": [
                  "10.0.0.0/24"
                ],
                "description": "",
                "from_port": 443,
                "ipv6_cidr_blocks": [],
                "prefix_list_ids": [],
                "protocol": "tcp",
                "security_groups": [],
                "self": false,
                "to_port": 443
              }
            ],
            "name": "cjo-std-ctrl-plane-sg-study-eks",
            "name_prefix": "",
            "owner_id": "627500151784",
            "revoke_rules_on_delete": false,
            "tags": null,
            "tags_all": {},
            "timeouts": null,
            "vpc_id": "vpc-0adf5520feec12a25"
          },
          "sensitive_attributes": [],
          "private": "eyJlMmJmYjczMC1lY2FhLTExZTYtOGY4OC0zNDM2M2JjN2M0YzAiOnsiY3JlYXRlIjo2MDAwMDAwMDAwMDAsImRlbGV0ZSI6OTAwMDAwMDAwMDAwfSwic2NoZW1hX3ZlcnNpb24iOiIxIn0=",
          "dependencies": [
            "aws_vpc.main"
          ]
        }
      ]
    },
    {
      "mode": "managed",
      "type": "aws_security_group",
      "name": "eks_node_to_control_plane",
      "provider": "provider[\"registry.terraform.io/hashicorp/aws\"]",
      "instances": [
        {
          "schema_version": 1,
          "attributes": {
            "arn": "arn:aws:ec2:ap-northeast-2:627500151784:security-group/sg-0ea06af21cf44c840",
            "description": "Allow worker nodes to communicate with control plane",
            "egress": [
              {
                "cidr_blocks": [
                  "0.0.0.0/0"
                ],
                "description": "",
                "from_port": 0,
                "ipv6_cidr_blocks": [],
                "prefix_list_ids": [],
                "protocol": "-1",
                "security_groups": [],
                "self": false,
                "to_port": 0
              }
            ],
            "id": "sg-0ea06af21cf44c840",
            "ingress": [
              {
                "cidr_blocks": [],
                "description": "",
                "from_port": 443,
                "ipv6_cidr_blocks": [],
                "prefix_list_ids": [],
                "protocol": "tcp",
                "security_groups": [
                  "sg-074a8a431905acfda"
                ],
                "self": false,
                "to_port": 443
              }
            ],
            "name": "cjo-std-eks-node-to-ctrl-plane-sg-study-eks",
            "name_prefix": "",
            "owner_id": "627500151784",
            "revoke_rules_on_delete": false,
            "tags": null,
            "tags_all": {},
            "timeouts": null,
            "vpc_id": "vpc-0adf5520feec12a25"
          },
          "sensitive_attributes": [],
          "private": "eyJlMmJmYjczMC1lY2FhLTExZTYtOGY4OC0zNDM2M2JjN2M0YzAiOnsiY3JlYXRlIjo2MDAwMDAwMDAwMDAsImRlbGV0ZSI6OTAwMDAwMDAwMDAwfSwic2NoZW1hX3ZlcnNpb24iOiIxIn0=",
          "dependencies": [
            "aws_security_group.eks_control_plane_sg",
            "aws_vpc.main"
          ]
        }
      ]
    },
    {
      "mode": "managed",
      "type": "aws_security_group",
      "name": "eks_worker_nodes_sg",
      "provider": "provider[\"registry.terraform.io/hashicorp/aws\"]",
      "instances": [
        {
          "schema_version": 1,
          "attributes": {
            "arn": "arn:aws:ec2:ap-northeast-2:627500151784:security-group/sg-05c9cd4ea5a98433c",
            "description": "EKS Worker Nodes Security Group",
            "egress": [
              {
                "cidr_blocks": [
                  "0.0.0.0/0"
                ],
                "description": "",
                "from_port": 0,
                "ipv6_cidr_blocks": [],
                "prefix_list_ids": [],
                "protocol": "-1",
                "security_groups": [],
                "self": false,
                "to_port": 0
              }
            ],
            "id": "sg-05c9cd4ea5a98433c",
            "ingress": [
              {
                "cidr_blocks": [
                  "10.0.0.0/24"
                ],
                "description": "",
                "from_port": 10250,
                "ipv6_cidr_blocks": [],
                "prefix_list_ids": [],
                "protocol": "tcp",
                "security_groups": [],
                "self": false,
                "to_port": 10250
              },
              {
                "cidr_blocks": [
                  "10.0.0.0/24"
                ],
                "description": "",
                "from_port": 10255,
                "ipv6_cidr_blocks": [],
                "prefix_list_ids": [],
                "protocol": "tcp",
                "security_groups": [],
                "self": false,
                "to_port": 10255
              },
              {
                "cidr_blocks": [
                  "10.0.0.0/24"
                ],
                "description": "",
                "from_port": 30000,
                "ipv6_cidr_blocks": [],
                "prefix_list_ids": [],
                "protocol": "tcp",
                "security_groups": [],
                "self": false,
                "to_port": 32767
              }
            ],
            "name": "cjo-std-wrk-nodes-sg-study-eks",
            "name_prefix": "",
            "owner_id": "627500151784",
            "revoke_rules_on_delete": false,
            "tags": null,
            "tags_all": {},
            "timeouts": null,
            "vpc_id": "vpc-0adf5520feec12a25"
          },
          "sensitive_attributes": [],
          "private": "eyJlMmJmYjczMC1lY2FhLTExZTYtOGY4OC0zNDM2M2JjN2M0YzAiOnsiY3JlYXRlIjo2MDAwMDAwMDAwMDAsImRlbGV0ZSI6OTAwMDAwMDAwMDAwfSwic2NoZW1hX3ZlcnNpb24iOiIxIn0=",
          "dependencies": [
            "aws_vpc.main"
          ]
        }
      ]
    },
    {
      "mode": "managed",
      "type": "aws_security_group",
      "name": "nginx_lb_sg",
      "provider": "provider[\"registry.terraform.io/hashicorp/aws\"]",
      "instances": [
        {
          "schema_version": 1,
          "attributes": {
            "arn": "arn:aws:ec2:ap-northeast-2:627500151784:security-group/sg-01d4ea3ac3397242f",
            "description": "Security group for Nginx Load Balancer",
            "egress": [
              {
                "cidr_blocks": [
                  "0.0.0.0/0"
                ],
                "description": "",
                "from_port": 0,
                "ipv6_cidr_blocks": [],
                "prefix_list_ids": [],
                "protocol": "-1",
                "security_groups": [],
                "self": false,
                "to_port": 0
              }
            ],
            "id": "sg-01d4ea3ac3397242f",
            "ingress": [
              {
                "cidr_blocks": [
                  "0.0.0.0/0"
                ],
                "description": "",
                "from_port": 443,
                "ipv6_cidr_blocks": [],
                "prefix_list_ids": [],
                "protocol": "tcp",
                "security_groups": [],
                "self": false,
                "to_port": 443
              }
            ],
            "name": "cjo-std-nginx-lb-sg-study-eks",
            "name_prefix": "",
            "owner_id": "627500151784",
            "revoke_rules_on_delete": false,
            "tags": null,
            "tags_all": {},
            "timeouts": null,
            "vpc_id": "vpc-0adf5520feec12a25"
          },
          "sensitive_attributes": [],
          "private": "eyJlMmJmYjczMC1lY2FhLTExZTYtOGY4OC0zNDM2M2JjN2M0YzAiOnsiY3JlYXRlIjo2MDAwMDAwMDAwMDAsImRlbGV0ZSI6OTAwMDAwMDAwMDAwfSwic2NoZW1hX3ZlcnNpb24iOiIxIn0=",
          "dependencies": [
            "aws_vpc.main"
          ]
        }
      ]
    },
    {
      "mode": "managed",
      "type": "aws_security_group",
      "name": "nginx_lb_sg_8080",
      "provider": "provider[\"registry.terraform.io/hashicorp/aws\"]",
      "instances": [
        {
          "schema_version": 1,
          "attributes": {
            "arn": "arn:aws:ec2:ap-northeast-2:627500151784:security-group/sg-03af8d4e5ced66751",
            "description": "Security group for Nginx Load Balancer",
            "egress": [
              {
                "cidr_blocks": [
                  "0.0.0.0/0"
                ],
                "description": "",
                "from_port": 0,
                "ipv6_cidr_blocks": [],
                "prefix_list_ids": [],
                "protocol": "-1",
                "security_groups": [],
                "self": false,
                "to_port": 0
              }
            ],
            "id": "sg-03af8d4e5ced66751",
            "ingress": [
              {
                "cidr_blocks": [
                  "0.0.0.0/0"
                ],
                "description": "",
                "from_port": 8080,
                "ipv6_cidr_blocks": [],
                "prefix_list_ids": [],
                "protocol": "tcp",
                "security_groups": [],
                "self": false,
                "to_port": 8080
              }
            ],
            "name": "cjo-std-nginx-8080-lb-sg-study-eks",
            "name_prefix": "",
            "owner_id": "627500151784",
            "revoke_rules_on_delete": false,
            "tags": null,
            "tags_all": {},
            "timeouts": null,
            "vpc_id": "vpc-0adf5520feec12a25"
          },
          "sensitive_attributes": [],
          "private": "eyJlMmJmYjczMC1lY2FhLTExZTYtOGY4OC0zNDM2M2JjN2M0YzAiOnsiY3JlYXRlIjo2MDAwMDAwMDAwMDAsImRlbGV0ZSI6OTAwMDAwMDAwMDAwfSwic2NoZW1hX3ZlcnNpb24iOiIxIn0=",
          "dependencies": [
            "aws_vpc.main"
          ]
        }
      ]
    },
    {
      "mode": "managed",
      "type": "aws_subnet",
      "name": "private-a",
      "provider": "provider[\"registry.terraform.io/hashicorp/aws\"]",
      "instances": [
        {
          "schema_version": 1,
          "attributes": {
            "arn": "arn:aws:ec2:ap-northeast-2:627500151784:subnet/subnet-0b8bd5abe354d2292",
            "assign_ipv6_address_on_creation": false,
            "availability_zone": "ap-northeast-2a",
            "availability_zone_id": "apne2-az1",
            "cidr_block": "10.0.0.128/26",
            "customer_owned_ipv4_pool": "",
            "enable_dns64": false,
            "enable_lni_at_device_index": 0,
            "enable_resource_name_dns_a_record_on_launch": false,
            "enable_resource_name_dns_aaaa_record_on_launch": false,
            "id": "subnet-0b8bd5abe354d2292",
            "ipv6_cidr_block": "",
            "ipv6_cidr_block_association_id": "",
            "ipv6_native": false,
            "map_customer_owned_ip_on_launch": false,
            "map_public_ip_on_launch": false,
            "outpost_arn": "",
            "owner_id": "627500151784",
            "private_dns_hostname_type_on_launch": "ip-name",
            "tags": {
              "Name": "cjo-std-pri-subnet-a-study-eks",
              "author": "lhysin",
              "owner": "lhysin",
              "phase": "std",
              "service": "study-eks",
              "team": "cjenm-arch"
            },
            "tags_all": {
              "Name": "cjo-std-pri-subnet-a-study-eks",
              "author": "lhysin",
              "owner": "lhysin",
              "phase": "std",
              "service": "study-eks",
              "team": "cjenm-arch"
            },
            "timeouts": null,
            "vpc_id": "vpc-0adf5520feec12a25"
          },
          "sensitive_attributes": [],
          "private": "eyJlMmJmYjczMC1lY2FhLTExZTYtOGY4OC0zNDM2M2JjN2M0YzAiOnsiY3JlYXRlIjo2MDAwMDAwMDAwMDAsImRlbGV0ZSI6MTIwMDAwMDAwMDAwMH0sInNjaGVtYV92ZXJzaW9uIjoiMSJ9",
          "dependencies": [
            "aws_vpc.main",
            "data.aws_availability_zones.available"
          ]
        }
      ]
    },
    {
      "mode": "managed",
      "type": "aws_subnet",
      "name": "private-b",
      "provider": "provider[\"registry.terraform.io/hashicorp/aws\"]",
      "instances": [
        {
          "schema_version": 1,
          "attributes": {
            "arn": "arn:aws:ec2:ap-northeast-2:627500151784:subnet/subnet-0006549bcaba6bc0b",
            "assign_ipv6_address_on_creation": false,
            "availability_zone": "ap-northeast-2b",
            "availability_zone_id": "apne2-az2",
            "cidr_block": "10.0.0.192/26",
            "customer_owned_ipv4_pool": "",
            "enable_dns64": false,
            "enable_lni_at_device_index": 0,
            "enable_resource_name_dns_a_record_on_launch": false,
            "enable_resource_name_dns_aaaa_record_on_launch": false,
            "id": "subnet-0006549bcaba6bc0b",
            "ipv6_cidr_block": "",
            "ipv6_cidr_block_association_id": "",
            "ipv6_native": false,
            "map_customer_owned_ip_on_launch": false,
            "map_public_ip_on_launch": false,
            "outpost_arn": "",
            "owner_id": "627500151784",
            "private_dns_hostname_type_on_launch": "ip-name",
            "tags": {
              "Name": "cjo-std-pri-subnet-b-study-eks",
              "author": "lhysin",
              "owner": "lhysin",
              "phase": "std",
              "service": "study-eks",
              "team": "cjenm-arch"
            },
            "tags_all": {
              "Name": "cjo-std-pri-subnet-b-study-eks",
              "author": "lhysin",
              "owner": "lhysin",
              "phase": "std",
              "service": "study-eks",
              "team": "cjenm-arch"
            },
            "timeouts": null,
            "vpc_id": "vpc-0adf5520feec12a25"
          },
          "sensitive_attributes": [],
          "private": "eyJlMmJmYjczMC1lY2FhLTExZTYtOGY4OC0zNDM2M2JjN2M0YzAiOnsiY3JlYXRlIjo2MDAwMDAwMDAwMDAsImRlbGV0ZSI6MTIwMDAwMDAwMDAwMH0sInNjaGVtYV92ZXJzaW9uIjoiMSJ9",
          "dependencies": [
            "aws_vpc.main",
            "data.aws_availability_zones.available"
          ]
        }
      ]
    },
    {
      "mode": "managed",
      "type": "aws_subnet",
      "name": "public-a",
      "provider": "provider[\"registry.terraform.io/hashicorp/aws\"]",
      "instances": [
        {
          "schema_version": 1,
          "attributes": {
            "arn": "arn:aws:ec2:ap-northeast-2:627500151784:subnet/subnet-0fa895aeae80df35b",
            "assign_ipv6_address_on_creation": false,
            "availability_zone": "ap-northeast-2a",
            "availability_zone_id": "apne2-az1",
            "cidr_block": "10.0.0.0/26",
            "customer_owned_ipv4_pool": "",
            "enable_dns64": false,
            "enable_lni_at_device_index": 0,
            "enable_resource_name_dns_a_record_on_launch": false,
            "enable_resource_name_dns_aaaa_record_on_launch": false,
            "id": "subnet-0fa895aeae80df35b",
            "ipv6_cidr_block": "",
            "ipv6_cidr_block_association_id": "",
            "ipv6_native": false,
            "map_customer_owned_ip_on_launch": false,
            "map_public_ip_on_launch": true,
            "outpost_arn": "",
            "owner_id": "627500151784",
            "private_dns_hostname_type_on_launch": "ip-name",
            "tags": {
              "Name": "cjo-std-pub-subnet-a-study-eks",
              "author": "lhysin",
              "owner": "lhysin",
              "phase": "std",
              "service": "study-eks",
              "team": "cjenm-arch"
            },
            "tags_all": {
              "Name": "cjo-std-pub-subnet-a-study-eks",
              "author": "lhysin",
              "owner": "lhysin",
              "phase": "std",
              "service": "study-eks",
              "team": "cjenm-arch"
            },
            "timeouts": null,
            "vpc_id": "vpc-0adf5520feec12a25"
          },
          "sensitive_attributes": [],
          "private": "eyJlMmJmYjczMC1lY2FhLTExZTYtOGY4OC0zNDM2M2JjN2M0YzAiOnsiY3JlYXRlIjo2MDAwMDAwMDAwMDAsImRlbGV0ZSI6MTIwMDAwMDAwMDAwMH0sInNjaGVtYV92ZXJzaW9uIjoiMSJ9",
          "dependencies": [
            "aws_vpc.main",
            "data.aws_availability_zones.available"
          ]
        }
      ]
    },
    {
      "mode": "managed",
      "type": "aws_subnet",
      "name": "public-b",
      "provider": "provider[\"registry.terraform.io/hashicorp/aws\"]",
      "instances": [
        {
          "schema_version": 1,
          "attributes": {
            "arn": "arn:aws:ec2:ap-northeast-2:627500151784:subnet/subnet-0b075d6c20efb19b2",
            "assign_ipv6_address_on_creation": false,
            "availability_zone": "ap-northeast-2b",
            "availability_zone_id": "apne2-az2",
            "cidr_block": "10.0.0.64/26",
            "customer_owned_ipv4_pool": "",
            "enable_dns64": false,
            "enable_lni_at_device_index": 0,
            "enable_resource_name_dns_a_record_on_launch": false,
            "enable_resource_name_dns_aaaa_record_on_launch": false,
            "id": "subnet-0b075d6c20efb19b2",
            "ipv6_cidr_block": "",
            "ipv6_cidr_block_association_id": "",
            "ipv6_native": false,
            "map_customer_owned_ip_on_launch": false,
            "map_public_ip_on_launch": true,
            "outpost_arn": "",
            "owner_id": "627500151784",
            "private_dns_hostname_type_on_launch": "ip-name",
            "tags": {
              "Name": "cjo-std-pub-subnet-b-study-eks",
              "author": "lhysin",
              "owner": "lhysin",
              "phase": "std",
              "service": "study-eks",
              "team": "cjenm-arch"
            },
            "tags_all": {
              "Name": "cjo-std-pub-subnet-b-study-eks",
              "author": "lhysin",
              "owner": "lhysin",
              "phase": "std",
              "service": "study-eks",
              "team": "cjenm-arch"
            },
            "timeouts": null,
            "vpc_id": "vpc-0adf5520feec12a25"
          },
          "sensitive_attributes": [],
          "private": "eyJlMmJmYjczMC1lY2FhLTExZTYtOGY4OC0zNDM2M2JjN2M0YzAiOnsiY3JlYXRlIjo2MDAwMDAwMDAwMDAsImRlbGV0ZSI6MTIwMDAwMDAwMDAwMH0sInNjaGVtYV92ZXJzaW9uIjoiMSJ9",
          "dependencies": [
            "aws_vpc.main",
            "data.aws_availability_zones.available"
          ]
        }
      ]
    },
    {
      "mode": "managed",
      "type": "aws_vpc",
      "name": "main",
      "provider": "provider[\"registry.terraform.io/hashicorp/aws\"]",
      "instances": [
        {
          "schema_version": 1,
          "attributes": {
            "arn": "arn:aws:ec2:ap-northeast-2:627500151784:vpc/vpc-0adf5520feec12a25",
            "assign_generated_ipv6_cidr_block": false,
            "cidr_block": "10.0.0.0/24",
            "default_network_acl_id": "acl-00dac1c9f730d2fab",
            "default_route_table_id": "rtb-06785f6e0237e576a",
            "default_security_group_id": "sg-0ba7efffda3337b66",
            "dhcp_options_id": "dopt-cdde3fa4",
            "enable_dns_hostnames": false,
            "enable_dns_support": true,
            "enable_network_address_usage_metrics": false,
            "id": "vpc-0adf5520feec12a25",
            "instance_tenancy": "default",
            "ipv4_ipam_pool_id": null,
            "ipv4_netmask_length": null,
            "ipv6_association_id": "",
            "ipv6_cidr_block": "",
            "ipv6_cidr_block_network_border_group": "",
            "ipv6_ipam_pool_id": "",
            "ipv6_netmask_length": 0,
            "main_route_table_id": "rtb-06785f6e0237e576a",
            "owner_id": "627500151784",
            "tags": {
              "Name": "cjo-std-vpc-study-eks",
              "author": "lhysin",
              "owner": "lhysin",
              "phase": "std",
              "service": "study-eks",
              "team": "cjenm-arch"
            },
            "tags_all": {
              "Name": "cjo-std-vpc-study-eks",
              "author": "lhysin",
              "owner": "lhysin",
              "phase": "std",
              "service": "study-eks",
              "team": "cjenm-arch"
            }
          },
          "sensitive_attributes": [],
          "private": "eyJzY2hlbWFfdmVyc2lvbiI6IjEifQ=="
        }
      ]
    }
  ],
  "check_results": null
}
